// !$*UTF8*$!
{
	archiveVersion = 1;
	classes = {
	};
	objectVersion = 50;
	objects = {

/* Begin PBXBuildFile section */
		6103964424C63DC900BD2B25 /* AppDelegate.swift in Sources */ = {isa = PBXBuildFile; fileRef = 6103964324C63DC900BD2B25 /* AppDelegate.swift */; };
		6103964624C63DC900BD2B25 /* SceneDelegate.swift in Sources */ = {isa = PBXBuildFile; fileRef = 6103964524C63DC900BD2B25 /* SceneDelegate.swift */; };
		6103964B24C63DC900BD2B25 /* Main.storyboard in Resources */ = {isa = PBXBuildFile; fileRef = 6103964924C63DC900BD2B25 /* Main.storyboard */; };
		6103964D24C63DCC00BD2B25 /* Assets.xcassets in Resources */ = {isa = PBXBuildFile; fileRef = 6103964C24C63DCC00BD2B25 /* Assets.xcassets */; };
		6103965024C63DCC00BD2B25 /* LaunchScreen.storyboard in Resources */ = {isa = PBXBuildFile; fileRef = 6103964E24C63DCC00BD2B25 /* LaunchScreen.storyboard */; };
		6103965924C640E600BD2B25 /* OrderTableViewController.swift in Sources */ = {isa = PBXBuildFile; fileRef = 6103965824C640E600BD2B25 /* OrderTableViewController.swift */; };
		6103965B24C6415F00BD2B25 /* AddOrderNewController.swift in Sources */ = {isa = PBXBuildFile; fileRef = 6103965A24C6415F00BD2B25 /* AddOrderNewController.swift */; };
		61F7D5F424C88519007206ED /* WebService.swift in Sources */ = {isa = PBXBuildFile; fileRef = 61F7D5F324C88519007206ED /* WebService.swift */; };
/* End PBXBuildFile section */

/* Begin PBXFileReference section */
		6103964024C63DC900BD2B25 /* HotCoffeeMVVM.app */ = {isa = PBXFileReference; explicitFileType = wrapper.application; includeInIndex = 0; path = HotCoffeeMVVM.app; sourceTree = BUILT_PRODUCTS_DIR; };
		6103964324C63DC900BD2B25 /* AppDelegate.swift */ = {isa = PBXFileReference; lastKnownFileType = sourcecode.swift; path = AppDelegate.swift; sourceTree = "<group>"; };
		6103964524C63DC900BD2B25 /* SceneDelegate.swift */ = {isa = PBXFileReference; lastKnownFileType = sourcecode.swift; path = SceneDelegate.swift; sourceTree = "<group>"; };
		6103964A24C63DC900BD2B25 /* Base */ = {isa = PBXFileReference; lastKnownFileType = file.storyboard; name = Base; path = Base.lproj/Main.storyboard; sourceTree = "<group>"; };
		6103964C24C63DCC00BD2B25 /* Assets.xcassets */ = {isa = PBXFileReference; lastKnownFileType = folder.assetcatalog; path = Assets.xcassets; sourceTree = "<group>"; };
		6103964F24C63DCC00BD2B25 /* Base */ = {isa = PBXFileReference; lastKnownFileType = file.storyboard; name = Base; path = Base.lproj/LaunchScreen.storyboard; sourceTree = "<group>"; };
		6103965124C63DCC00BD2B25 /* Info.plist */ = {isa = PBXFileReference; lastKnownFileType = text.plist.xml; path = Info.plist; sourceTree = "<group>"; };
		6103965824C640E600BD2B25 /* OrderTableViewController.swift */ = {isa = PBXFileReference; lastKnownFileType = sourcecode.swift; path = OrderTableViewController.swift; sourceTree = "<group>"; };
		6103965A24C6415F00BD2B25 /* AddOrderNewController.swift */ = {isa = PBXFileReference; lastKnownFileType = sourcecode.swift; path = AddOrderNewController.swift; sourceTree = "<group>"; };
		61F7D5F324C88519007206ED /* WebService.swift */ = {isa = PBXFileReference; lastKnownFileType = sourcecode.swift; path = WebService.swift; sourceTree = "<group>"; };
/* End PBXFileReference section */

/* Begin PBXFrameworksBuildPhase section */
		6103963D24C63DC900BD2B25 /* Frameworks */ = {
			isa = PBXFrameworksBuildPhase;
			buildActionMask = 2147483647;
			files = (
			);
			runOnlyForDeploymentPostprocessing = 0;
		};
/* End PBXFrameworksBuildPhase section */

/* Begin PBXGroup section */
		6103963724C63DC900BD2B25 = {
			isa = PBXGroup;
			children = (
				6103964224C63DC900BD2B25 /* HotCoffeeMVVM */,
				6103964124C63DC900BD2B25 /* Products */,
			);
			sourceTree = "<group>";
		};
		6103964124C63DC900BD2B25 /* Products */ = {
			isa = PBXGroup;
			children = (
				6103964024C63DC900BD2B25 /* HotCoffeeMVVM.app */,
			);
			name = Products;
			sourceTree = "<group>";
		};
		6103964224C63DC900BD2B25 /* HotCoffeeMVVM */ = {
			isa = PBXGroup;
			children = (
				61F7D5F224C884EE007206ED /* Services */,
				6103965724C63F5B00BD2B25 /* Controllers */,
				6103964324C63DC900BD2B25 /* AppDelegate.swift */,
				6103964524C63DC900BD2B25 /* SceneDelegate.swift */,
				6103964924C63DC900BD2B25 /* Main.storyboard */,
				6103964C24C63DCC00BD2B25 /* Assets.xcassets */,
				6103964E24C63DCC00BD2B25 /* LaunchScreen.storyboard */,
				6103965124C63DCC00BD2B25 /* Info.plist */,
			);
			path = HotCoffeeMVVM;
			sourceTree = "<group>";
		};
		6103965724C63F5B00BD2B25 /* Controllers */ = {
			isa = PBXGroup;
			children = (
				6103965824C640E600BD2B25 /* OrderTableViewController.swift */,
				6103965A24C6415F00BD2B25 /* AddOrderNewController.swift */,
			);
			path = Controllers;
			sourceTree = "<group>";
		};
		61F7D5F224C884EE007206ED /* Services */ = {
			isa = PBXGroup;
			children = (
				61F7D5F324C88519007206ED /* WebService.swift */,
			);
			path = Services;
			sourceTree = "<group>";
		};
/* End PBXGroup section */

/* Begin PBXNativeTarget section */
		6103963F24C63DC900BD2B25 /* HotCoffeeMVVM */ = {
			isa = PBXNativeTarget;
			buildConfigurationList = 6103965424C63DCC00BD2B25 /* Build configuration list for PBXNativeTarget "HotCoffeeMVVM" */;
			buildPhases = (
				6103963C24C63DC900BD2B25 /* Sources */,
				6103963D24C63DC900BD2B25 /* Frameworks */,
				6103963E24C63DC900BD2B25 /* Resources */,
			);
			buildRules = (
			);
			dependencies = (
			);
			name = HotCoffeeMVVM;
			productName = HotCoffeeMVVM;
			productReference = 6103964024C63DC900BD2B25 /* HotCoffeeMVVM.app */;
			productType = "com.apple.product-type.application";
		};
/* End PBXNativeTarget section */

/* Begin PBXProject section */
		6103963824C63DC900BD2B25 /* Project object */ = {
			isa = PBXProject;
			attributes = {
				LastSwiftUpdateCheck = 1130;
				LastUpgradeCheck = 1130;
				ORGANIZATIONNAME = "mohamed  habib";
				TargetAttributes = {
					6103963F24C63DC900BD2B25 = {
						CreatedOnToolsVersion = 11.3.1;
					};
				};
			};
			buildConfigurationList = 6103963B24C63DC900BD2B25 /* Build configuration list for PBXProject "HotCoffeeMVVM" */;
			compatibilityVersion = "Xcode 9.3";
			developmentRegion = en;
			hasScannedForEncodings = 0;
			knownRegions = (
				en,
				Base,
			);
			mainGroup = 6103963724C63DC900BD2B25;
			productRefGroup = 6103964124C63DC900BD2B25 /* Products */;
			projectDirPath = "";
			projectRoot = "";
			targets = (
				6103963F24C63DC900BD2B25 /* HotCoffeeMVVM */,
			);
		};
/* End PBXProject section */

/* Begin PBXResourcesBuildPhase section */
		6103963E24C63DC900BD2B25 /* Resources */ = {
			isa = PBXResourcesBuildPhase;
			buildActionMask = 2147483647;
			files = (
				6103965024C63DCC00BD2B25 /* LaunchScreen.storyboard in Resources */,
				6103964D24C63DCC00BD2B25 /* Assets.xcassets in Resources */,
				6103964B24C63DC900BD2B25 /* Main.storyboard in Resources */,
			);
			runOnlyForDeploymentPostprocessing = 0;
		};
/* End PBXResourcesBuildPhase section */

/* Begin PBXSourcesBuildPhase section */
		6103963C24C63DC900BD2B25 /* Sources */ = {
			isa = PBXSourcesBuildPhase;
			buildActionMask = 2147483647;
			files = (
				6103964424C63DC900BD2B25 /* AppDelegate.swift in Sources */,
				6103965B24C6415F00BD2B25 /* AddOrderNewController.swift in Sources */,
				6103965924C640E600BD2B25 /* OrderTableViewController.swift in Sources */,
				61F7D5F424C88519007206ED /* WebService.swift in Sources */,
				6103964624C63DC900BD2B25 /* SceneDelegate.swift in Sources */,
			);
			runOnlyForDeploymentPostprocessing = 0;
		};
/* End PBXSourcesBuildPhase section */

/* Begin PBXVariantGroup section */
		6103964924C63DC900BD2B25 /* Main.storyboard */ = {
			isa = PBXVariantGroup;
			children = (
				6103964A24C63DC900BD2B25 /* Base */,
			);
			name = Main.storyboard;
			sourceTree = "<group>";
		};
		6103964E24C63DCC00BD2B25 /* LaunchScreen.storyboard */ = {
			isa = PBXVariantGroup;
			children = (
				6103964F24C63DCC00BD2B25 /* Base */,
			);
			name = LaunchScreen.storyboard;
			sourceTree = "<group>";
		};
/* End PBXVariantGroup section */

/* Begin XCBuildConfiguration section */
		6103965224C63DCC00BD2B25 /* Debug */ = {
			isa = XCBuildConfiguration;
			buildSettings = {
				ALWAYS_SEARCH_USER_PATHS = NO;
				CLANG_ANALYZER_NONNULL = YES;
				CLANG_ANALYZER_NUMBER_OBJECT_CONVERSION = YES_AGGRESSIVE;
				CLANG_CXX_LANGUAGE_STANDARD = "gnu++14";
				CLANG_CXX_LIBRARY = "libc++";
				CLANG_ENABLE_MODULES = YES;
				CLANG_ENABLE_OBJC_ARC = YES;
				CLANG_ENABLE_OBJC_WEAK = YES;
				CLANG_WARN_BLOCK_CAPTURE_AUTORELEASING = YES;
				CLANG_WARN_BOOL_CONVERSION = YES;
				CLANG_WARN_COMMA = YES;
				CLANG_WARN_CONSTANT_CONVERSION = YES;
				CLANG_WARN_DEPRECATED_OBJC_IMPLEMENTATIONS = YES;
				CLANG_WARN_DIRECT_OBJC_ISA_USAGE = YES_ERROR;
				CLANG_WARN_DOCUMENTATION_COMMENTS = YES;
				CLANG_WARN_EMPTY_BODY = YES;
				CLANG_WARN_ENUM_CONVERSION = YES;
				CLANG_WARN_INFINITE_RECURSION = YES;
				CLANG_WARN_INT_CONVERSION = YES;
				CLANG_WARN_NON_LITERAL_NULL_CONVERSION = YES;
				CLANG_WARN_OBJC_IMPLICIT_RETAIN_SELF = YES;
				CLANG_WARN_OBJC_LITERAL_CONVERSION = YES;
				CLANG_WARN_OBJC_ROOT_CLASS = YES_ERROR;
				CLANG_WARN_RANGE_LOOP_ANALYSIS = YES;
				CLANG_WARN_STRICT_PROTOTYPES = YES;
				CLANG_WARN_SUSPICIOUS_MOVE = YES;
				CLANG_WARN_UNGUARDED_AVAILABILITY = YES_AGGRESSIVE;
				CLANG_WARN_UNREACHABLE_CODE = YES;
				CLANG_WARN__DUPLICATE_METHOD_MATCH = YES;
				COPY_PHASE_STRIP = NO;
				DEBUG_INFORMATION_FORMAT = dwarf;
				ENABLE_STRICT_OBJC_MSGSEND = YES;
				ENABLE_TESTABILITY = YES;
				GCC_C_LANGUAGE_STANDARD = gnu11;
				GCC_DYNAMIC_NO_PIC = NO;
				GCC_NO_COMMON_BLOCKS = YES;
				GCC_OPTIMIZATION_LEVEL = 0;
				GCC_PREPROCESSOR_DEFINITIONS = (
					"DEBUG=1",
					"$(inherited)",
				);
				GCC_WARN_64_TO_32_BIT_CONVERSION = YES;
				GCC_WARN_ABOUT_RETURN_TYPE = YES_ERROR;
				GCC_WARN_UNDECLARED_SELECTOR = YES;
				GCC_WARN_UNINITIALIZED_AUTOS = YES_AGGRESSIVE;
				GCC_WARN_UNUSED_FUNCTION = YES;
				GCC_WARN_UNUSED_VARIABLE = YES;
				IPHONEOS_DEPLOYMENT_TARGET = 13.2;
				MTL_ENABLE_DEBUG_INFO = INCLUDE_SOURCE;
				MTL_FAST_MATH = YES;
				ONLY_ACTIVE_ARCH = YES;
				SDKROOT = iphoneos;
				SWIFT_ACTIVE_COMPILATION_CONDITIONS = DEBUG;
				SWIFT_OPTIMIZATION_LEVEL = "-Onone";
			};
			name = Debug;
		};
		6103965324C63DCC00BD2B25 /* Release */ = {
			isa = XCBuildConfiguration;
			buildSettings = {
				ALWAYS_SEARCH_USER_PATHS = NO;
				CLANG_ANALYZER_NONNULL = YES;
				CLANG_ANALYZER_NUMBER_OBJECT_CONVERSION = YES_AGGRESSIVE;
				CLANG_CXX_LANGUAGE_STANDARD = "gnu++14";
				CLANG_CXX_LIBRARY = "libc++";
				CLANG_ENABLE_MODULES = YES;
				CLANG_ENABLE_OBJC_ARC = YES;
				CLANG_ENABLE_OBJC_WEAK = YES;
				CLANG_WARN_BLOCK_CAPTURE_AUTORELEASING = YES;
				CLANG_WARN_BOOL_CONVERSION = YES;
				CLANG_WARN_COMMA = YES;
				CLANG_WARN_CONSTANT_CONVERSION = YES;
				CLANG_WARN_DEPRECATED_OBJC_IMPLEMENTATIONS = YES;
				CLANG_WARN_DIRECT_OBJC_ISA_USAGE = YES_ERROR;
				CLANG_WARN_DOCUMENTATION_COMMENTS = YES;
				CLANG_WARN_EMPTY_BODY = YES;
				CLANG_WARN_ENUM_CONVERSION = YES;
				CLANG_WARN_INFINITE_RECURSION = YES;
				CLANG_WARN_INT_CONVERSION = YES;
				CLANG_WARN_NON_LITERAL_NULL_CONVERSION = YES;
				CLANG_WARN_OBJC_IMPLICIT_RETAIN_SELF = YES;
				CLANG_WARN_OBJC_LITERAL_CONVERSION = YES;
				CLANG_WARN_OBJC_ROOT_CLASS = YES_ERROR;
				CLANG_WARN_RANGE_LOOP_ANALYSIS = YES;
				CLANG_WARN_STRICT_PROTOTYPES = YES;
				CLANG_WARN_SUSPICIOUS_MOVE = YES;
				CLANG_WARN_UNGUARDED_AVAILABILITY = YES_AGGRESSIVE;
				CLANG_WARN_UNREACHABLE_CODE = YES;
				CLANG_WARN__DUPLICATE_METHOD_MATCH = YES;
				COPY_PHASE_STRIP = NO;
				DEBUG_INFORMATION_FORMAT = "dwarf-with-dsym";
				ENABLE_NS_ASSERTIONS = NO;
				ENABLE_STRICT_OBJC_MSGSEND = YES;
				GCC_C_LANGUAGE_STANDARD = gnu11;
				GCC_NO_COMMON_BLOCKS = YES;
				GCC_WARN_64_TO_32_BIT_CONVERSION = YES;
				GCC_WARN_ABOUT_RETURN_TYPE = YES_ERROR;
				GCC_WARN_UNDECLARED_SELECTOR = YES;
				GCC_WARN_UNINITIALIZED_AUTOS = YES_AGGRESSIVE;
				GCC_WARN_UNUSED_FUNCTION = YES;
				GCC_WARN_UNUSED_VARIABLE = YES;
				IPHONEOS_DEPLOYMENT_TARGET = 13.2;
				MTL_ENABLE_DEBUG_INFO = NO;
				MTL_FAST_MATH = YES;
				SDKROOT = iphoneos;
				SWIFT_COMPILATION_MODE = wholemodule;
				SWIFT_OPTIMIZATION_LEVEL = "-O";
				VALIDATE_PRODUCT = YES;
			};
			name = Release;
		};
		6103965524C63DCC00BD2B25 /* Debug */ = {
			isa = XCBuildConfiguration;
			buildSettings = {
				ASSETCATALOG_COMPILER_APPICON_NAME = AppIcon;
				CODE_SIGN_STYLE = Automatic;
				DEVELOPMENT_TEAM = W4M7279BBQ;
				INFOPLIST_FILE = HotCoffeeMVVM/Info.plist;
				LD_RUNPATH_SEARCH_PATHS = (
					"$(inherited)",
					"@executable_path/Frameworks",
				);
				PRODUCT_BUNDLE_IDENTIFIER = jaberi.HotCoffeeMVVM;
				PRODUCT_NAME = "$(TARGET_NAME)";
				SWIFT_VERSION = 5.0;
				TARGETED_DEVICE_FAMILY = "1,2";
			};
			name = Debug;
		};
		6103965624C63DCC00BD2B25 /* Release */ = {
			isa = XCBuildConfiguration;
			buildSettings = {
				ASSETCATALOG_COMPILER_APPICON_NAME = AppIcon;
				CODE_SIGN_STYLE = Automatic;
				DEVELOPMENT_TEAM = W4M7279BBQ;
				INFOPLIST_FILE = HotCoffeeMVVM/Info.plist;
				LD_RUNPATH_SEARCH_PATHS = (
					"$(inherited)",
					"@executable_path/Frameworks",
				);
				PRODUCT_BUNDLE_IDENTIFIER = jaberi.HotCoffeeMVVM;
				PRODUCT_NAME = "$(TARGET_NAME)";
				SWIFT_VERSION = 5.0;
				TARGETED_DEVICE_FAMILY = "1,2";
			};
			name = Release;
		};
/* End XCBuildConfiguration section */

/* Begin XCConfigurationList section */
		6103963B24C63DC900BD2B25 /* Build configuration list for PBXProject "HotCoffeeMVVM" */ = {
			isa = XCConfigurationList;
			buildConfigurations = (
				6103965224C63DCC00BD2B25 /* Debug */,
				6103965324C63DCC00BD2B25 /* Release */,
			);
			defaultConfigurationIsVisible = 0;
			defaultConfigurationName = Release;
		};
		6103965424C63DCC00BD2B25 /* Build configuration list for PBXNativeTarget "HotCoffeeMVVM" */ = {
			isa = XCConfigurationList;
			buildConfigurations = (
				6103965524C63DCC00BD2B25 /* Debug */,
				6103965624C63DCC00BD2B25 /* Release */,
			);
			defaultConfigurationIsVisible = 0;
			defaultConfigurationName = Release;
		};
/* End XCConfigurationList section */
	};
	rootObject = 6103963824C63DC900BD2B25 /* Project object */;
}
